
Microsoft Visual Studio Solution File, Format Version 12.00
# Visual Studio Version 17
VisualStudioVersion = 17.0.32126.317
MinimumVisualStudioVersion = 10.0.40219.1
Project("{FAE04EC0-301F-11D3-BF4B-00C04F79EFBC}") = "CompositeDesignPatternExample", "CompositeDesignPatternExample\CompositeDesignPatternExample.csproj", "{F2B1C2FF-6804-49A7-B50C-64E4E93B818B}"
EndProject
Global
	GlobalSection(SolutionConfigurationPlatforms) = preSolution
		Debug|Any CPU = Debug|Any CPU
		Release|Any CPU = Release|Any CPU
	EndGlobalSection
	GlobalSection(ProjectConfigurationPlatforms) = postSolution
		{F2B1C2FF-6804-49A7-B50C-64E4E93B818B}.Debug|Any CPU.ActiveCfg = Debug|Any CPU
		{F2B1C2FF-6804-49A7-B50C-64E4E93B818B}.Debug|Any CPU.Build.0 = Debug|Any CPU
		{F2B1C2FF-6804-49A7-B50C-64E4E93B818B}.Release|Any CPU.ActiveCfg = Release|Any CPU
		{F2B1C2FF-6804-49A7-B50C-64E4E93B818B}.Release|Any CPU.Build.0 = Release|Any CPU
	EndGlobalSection
	GlobalSection(SolutionProperties) = preSolution
		HideSolutionNode = FALSE
	EndGlobalSection
	GlobalSection(ExtensibilityGlobals) = postSolution
		SolutionGuid = {421D6F82-693A-4EDB-933B-9DF7F74543A1}
	EndGlobalSection
EndGlobal
